
Microsoft Visual Studio Solution File, Format Version 12.00
# Visual Studio 15
VisualStudioVersion = 15.0.27703.2047
MinimumVisualStudioVersion = 10.0.40219.1
Project("{FAE04EC0-301F-11D3-BF4B-00C04F79EFBC}") = "Tsk4LanguageArray", "Tsk4LanguageArray\Tsk4LanguageArray.csproj", "{84A2D0C1-2A93-47D9-91A6-348A3E977940}"
EndProject
Global
	GlobalSection(SolutionConfigurationPlatforms) = preSolution
		Debug|Any CPU = Debug|Any CPU
		Release|Any CPU = Release|Any CPU
	EndGlobalSection
	GlobalSection(ProjectConfigurationPlatforms) = postSolution
		{84A2D0C1-2A93-47D9-91A6-348A3E977940}.Debug|Any CPU.ActiveCfg = Debug|Any CPU
		{84A2D0C1-2A93-47D9-91A6-348A3E977940}.Debug|Any CPU.Build.0 = Debug|Any CPU
		{84A2D0C1-2A93-47D9-91A6-348A3E977940}.Release|Any CPU.ActiveCfg = Release|Any CPU
		{84A2D0C1-2A93-47D9-91A6-348A3E977940}.Release|Any CPU.Build.0 = Release|Any CPU
	EndGlobalSection
	GlobalSection(SolutionProperties) = preSolution
		HideSolutionNode = FALSE
	EndGlobalSection
	GlobalSection(ExtensibilityGlobals) = postSolution
		SolutionGuid = {75D626C2-33A5-4B27-9A8A-90A859EC8C77}
	EndGlobalSection
EndGlobal
